
Microsoft Visual Studio Solution File, Format Version 12.00
# Visual Studio Version 17
VisualStudioVersion = 17.7.34202.233
MinimumVisualStudioVersion = 10.0.40219.1
Project("{9A19103F-16F7-4668-BE54-9A1E7A4F7556}") = "R54_M11_Class_06_Work_01", "R54_M11_Class_06_Work_01\R54_M11_Class_06_Work_01.csproj", "{082684C2-4FE0-4578-A1A8-FAEDAE93F8D3}"
EndProject
Project("{9A19103F-16F7-4668-BE54-9A1E7A4F7556}") = "R54_M11_Class_06_Work_02", "R54_M11_Class_06_Work_02\R54_M11_Class_06_Work_02.csproj", "{EC81D1D6-C236-47BA-BA9A-444A32153CF9}"
EndProject
Project("{FAE04EC0-301F-11D3-BF4B-00C04F79EFBC}") = "R54_M11_Class_06_Work_03", "R54_M11_Class_06_Work_03\R54_M11_Class_06_Work_03.csproj", "{C428A35C-B290-41FB-BF6B-D5F21BE92154}"
EndProject
Global
	GlobalSection(SolutionConfigurationPlatforms) = preSolution
		Debug|Any CPU = Debug|Any CPU
		Release|Any CPU = Release|Any CPU
	EndGlobalSection
	GlobalSection(ProjectConfigurationPlatforms) = postSolution
		{082684C2-4FE0-4578-A1A8-FAEDAE93F8D3}.Debug|Any CPU.ActiveCfg = Debug|Any CPU
		{082684C2-4FE0-4578-A1A8-FAEDAE93F8D3}.Debug|Any CPU.Build.0 = Debug|Any CPU
		{082684C2-4FE0-4578-A1A8-FAEDAE93F8D3}.Release|Any CPU.ActiveCfg = Release|Any CPU
		{082684C2-4FE0-4578-A1A8-FAEDAE93F8D3}.Release|Any CPU.Build.0 = Release|Any CPU
		{EC81D1D6-C236-47BA-BA9A-444A32153CF9}.Debug|Any CPU.ActiveCfg = Debug|Any CPU
		{EC81D1D6-C236-47BA-BA9A-444A32153CF9}.Debug|Any CPU.Build.0 = Debug|Any CPU
		{EC81D1D6-C236-47BA-BA9A-444A32153CF9}.Release|Any CPU.ActiveCfg = Release|Any CPU
		{EC81D1D6-C236-47BA-BA9A-444A32153CF9}.Release|Any CPU.Build.0 = Release|Any CPU
		{C428A35C-B290-41FB-BF6B-D5F21BE92154}.Debug|Any CPU.ActiveCfg = Debug|Any CPU
		{C428A35C-B290-41FB-BF6B-D5F21BE92154}.Debug|Any CPU.Build.0 = Debug|Any CPU
		{C428A35C-B290-41FB-BF6B-D5F21BE92154}.Release|Any CPU.ActiveCfg = Release|Any CPU
		{C428A35C-B290-41FB-BF6B-D5F21BE92154}.Release|Any CPU.Build.0 = Release|Any CPU
	EndGlobalSection
	GlobalSection(SolutionProperties) = preSolution
		HideSolutionNode = FALSE
	EndGlobalSection
	GlobalSection(ExtensibilityGlobals) = postSolution
		SolutionGuid = {B5926785-93E6-48FF-A325-E8FDAEC20C13}
	EndGlobalSection
EndGlobal
